
Microsoft Visual Studio Solution File, Format Version 12.00
# Visual Studio Version 17
VisualStudioVersion = 17.3.32922.545
MinimumVisualStudioVersion = 10.0.40219.1
Project("{FAE04EC0-301F-11D3-BF4B-00C04F79EFBC}") = "GameSite", "GameSite\GameSite.csproj", "{88545762-2939-4FD9-B53C-4E80DBFC8A91}"
EndProject
Global
	GlobalSection(SolutionConfigurationPlatforms) = preSolution
		Debug|Any CPU = Debug|Any CPU
		Release|Any CPU = Release|Any CPU
	EndGlobalSection
	GlobalSection(ProjectConfigurationPlatforms) = postSolution
		{88545762-2939-4FD9-B53C-4E80DBFC8A91}.Debug|Any CPU.ActiveCfg = Debug|Any CPU
		{88545762-2939-4FD9-B53C-4E80DBFC8A91}.Debug|Any CPU.Build.0 = Debug|Any CPU
		{88545762-2939-4FD9-B53C-4E80DBFC8A91}.Release|Any CPU.ActiveCfg = Release|Any CPU
		{88545762-2939-4FD9-B53C-4E80DBFC8A91}.Release|Any CPU.Build.0 = Release|Any CPU
	EndGlobalSection
	GlobalSection(SolutionProperties) = preSolution
		HideSolutionNode = FALSE
	EndGlobalSection
	GlobalSection(ExtensibilityGlobals) = postSolution
		SolutionGuid = {0C75F16E-6380-4E04-A626-22F50D4E9955}
	EndGlobalSection
EndGlobal
